
Microsoft Visual Studio Solution File, Format Version 12.00
# Visual Studio 2013
VisualStudioVersion = 12.0.30110.0
MinimumVisualStudioVersion = 10.0.40219.1
Project("{2150E333-8FDC-42A3-9474-1A3956D46DE8}") = "client", "client", "{5594EBF0-5EA5-45F2-8DD8-1CEC256C1EE2}"
EndProject
Project("{FAE04EC0-301F-11D3-BF4B-00C04F79EFBC}") = "SetLocale.Client.Web", "src\client\SetLocale.Client.Web\SetLocale.Client.Web.csproj", "{34B4CCFD-27B1-4638-B49A-7EBE78252E83}"
EndProject
Project("{2150E333-8FDC-42A3-9474-1A3956D46DE8}") = "test", "test", "{444EE809-1F51-4311-9CA9-4E5C11F769B5}"
EndProject
Project("{FAE04EC0-301F-11D3-BF4B-00C04F79EFBC}") = "SetLocale.Client.Web.Test", "src\test\SetLocale.Client.Web.Test\SetLocale.Client.Web.Test.csproj", "{CD000AC8-91A4-4D4D-A851-557CDE2ACBFE}"
EndProject
Global
	GlobalSection(SolutionConfigurationPlatforms) = preSolution
		Debug|Any CPU = Debug|Any CPU
		Release|Any CPU = Release|Any CPU
	EndGlobalSection
	GlobalSection(ProjectConfigurationPlatforms) = postSolution
		{34B4CCFD-27B1-4638-B49A-7EBE78252E83}.Debug|Any CPU.ActiveCfg = Debug|Any CPU
		{34B4CCFD-27B1-4638-B49A-7EBE78252E83}.Debug|Any CPU.Build.0 = Debug|Any CPU
		{34B4CCFD-27B1-4638-B49A-7EBE78252E83}.Release|Any CPU.ActiveCfg = Release|Any CPU
		{34B4CCFD-27B1-4638-B49A-7EBE78252E83}.Release|Any CPU.Build.0 = Release|Any CPU
		{CD000AC8-91A4-4D4D-A851-557CDE2ACBFE}.Debug|Any CPU.ActiveCfg = Debug|Any CPU
		{CD000AC8-91A4-4D4D-A851-557CDE2ACBFE}.Debug|Any CPU.Build.0 = Debug|Any CPU
		{CD000AC8-91A4-4D4D-A851-557CDE2ACBFE}.Release|Any CPU.ActiveCfg = Release|Any CPU
		{CD000AC8-91A4-4D4D-A851-557CDE2ACBFE}.Release|Any CPU.Build.0 = Release|Any CPU
	EndGlobalSection
	GlobalSection(SolutionProperties) = preSolution
		HideSolutionNode = FALSE
	EndGlobalSection
	GlobalSection(NestedProjects) = preSolution
		{34B4CCFD-27B1-4638-B49A-7EBE78252E83} = {5594EBF0-5EA5-45F2-8DD8-1CEC256C1EE2}
		{CD000AC8-91A4-4D4D-A851-557CDE2ACBFE} = {444EE809-1F51-4311-9CA9-4E5C11F769B5}
	EndGlobalSection
	GlobalSection(ExtensibilityGlobals) = postSolution
		EnterpriseLibraryConfigurationToolBinariesPath = packages\Unity.2.1.505.2\lib\NET35
	EndGlobalSection
EndGlobal
